
Microsoft Visual Studio Solution File, Format Version 12.00
# Visual Studio 15
VisualStudioVersion = 15.0.28307.1145
MinimumVisualStudioVersion = 10.0.40219.1
Project("{FAE04EC0-301F-11D3-BF4B-00C04F79EFBC}") = "Obligatorio1P3", "Obligatorio1P3\Obligatorio1P3.csproj", "{87D96043-F92A-46DF-A2B6-CF82FF1853B5}"
EndProject
Project("{FAE04EC0-301F-11D3-BF4B-00C04F79EFBC}") = "Repositorio", "Repositorio\Repositorio.csproj", "{04CAE148-B356-4B47-89AC-9908044B283F}"
EndProject
Project("{FAE04EC0-301F-11D3-BF4B-00C04F79EFBC}") = "SiteVacuna", "SiteVacuna\SiteVacuna.csproj", "{74CA7807-3E51-4249-8237-EEBC48220B8D}"
EndProject
Global
	GlobalSection(SolutionConfigurationPlatforms) = preSolution
		Debug|Any CPU = Debug|Any CPU
		Release|Any CPU = Release|Any CPU
	EndGlobalSection
	GlobalSection(ProjectConfigurationPlatforms) = postSolution
		{87D96043-F92A-46DF-A2B6-CF82FF1853B5}.Debug|Any CPU.ActiveCfg = Debug|Any CPU
		{87D96043-F92A-46DF-A2B6-CF82FF1853B5}.Debug|Any CPU.Build.0 = Debug|Any CPU
		{87D96043-F92A-46DF-A2B6-CF82FF1853B5}.Release|Any CPU.ActiveCfg = Release|Any CPU
		{87D96043-F92A-46DF-A2B6-CF82FF1853B5}.Release|Any CPU.Build.0 = Release|Any CPU
		{04CAE148-B356-4B47-89AC-9908044B283F}.Debug|Any CPU.ActiveCfg = Debug|Any CPU
		{04CAE148-B356-4B47-89AC-9908044B283F}.Debug|Any CPU.Build.0 = Debug|Any CPU
		{04CAE148-B356-4B47-89AC-9908044B283F}.Release|Any CPU.ActiveCfg = Release|Any CPU
		{04CAE148-B356-4B47-89AC-9908044B283F}.Release|Any CPU.Build.0 = Release|Any CPU
		{74CA7807-3E51-4249-8237-EEBC48220B8D}.Debug|Any CPU.ActiveCfg = Debug|Any CPU
		{74CA7807-3E51-4249-8237-EEBC48220B8D}.Debug|Any CPU.Build.0 = Debug|Any CPU
		{74CA7807-3E51-4249-8237-EEBC48220B8D}.Release|Any CPU.ActiveCfg = Release|Any CPU
		{74CA7807-3E51-4249-8237-EEBC48220B8D}.Release|Any CPU.Build.0 = Release|Any CPU
	EndGlobalSection
	GlobalSection(SolutionProperties) = preSolution
		HideSolutionNode = FALSE
	EndGlobalSection
	GlobalSection(ExtensibilityGlobals) = postSolution
		SolutionGuid = {5368FAF7-C462-45E8-90B4-1B300BCD02E3}
	EndGlobalSection
EndGlobal
